
Microsoft Visual Studio Solution File, Format Version 12.00
# Visual Studio Version 16
VisualStudioVersion = 16.0.31624.102
MinimumVisualStudioVersion = 10.0.40219.1
Project("{FAE04EC0-301F-11D3-BF4B-00C04F79EFBC}") = "TeendokLista", "TeendokLista\TeendokLista.csproj", "{D4FF6834-5A53-4DA7-9E2F-4A3DC4A96FEA}"
EndProject
Global
	GlobalSection(SolutionConfigurationPlatforms) = preSolution
		Debug|Any CPU = Debug|Any CPU
		Release|Any CPU = Release|Any CPU
	EndGlobalSection
	GlobalSection(ProjectConfigurationPlatforms) = postSolution
		{D4FF6834-5A53-4DA7-9E2F-4A3DC4A96FEA}.Debug|Any CPU.ActiveCfg = Debug|Any CPU
		{D4FF6834-5A53-4DA7-9E2F-4A3DC4A96FEA}.Debug|Any CPU.Build.0 = Debug|Any CPU
		{D4FF6834-5A53-4DA7-9E2F-4A3DC4A96FEA}.Release|Any CPU.ActiveCfg = Release|Any CPU
		{D4FF6834-5A53-4DA7-9E2F-4A3DC4A96FEA}.Release|Any CPU.Build.0 = Release|Any CPU
	EndGlobalSection
	GlobalSection(SolutionProperties) = preSolution
		HideSolutionNode = FALSE
	EndGlobalSection
	GlobalSection(ExtensibilityGlobals) = postSolution
		SolutionGuid = {37723477-D50C-40F1-ABA6-55BDB496981A}
	EndGlobalSection
EndGlobal
